
Microsoft Visual Studio Solution File, Format Version 12.00
# Visual Studio Version 16
VisualStudioVersion = 16.0.30621.155
MinimumVisualStudioVersion = 10.0.40219.1
Project("{FAE04EC0-301F-11D3-BF4B-00C04F79EFBC}") = "MilkAndCookies", "MilkAndCookies\MilkAndCookies.csproj", "{36ADB200-3D19-4653-93C4-A8DB08B51127}"
EndProject
Global
	GlobalSection(SolutionConfigurationPlatforms) = preSolution
		Debug|Any CPU = Debug|Any CPU
		Release|Any CPU = Release|Any CPU
	EndGlobalSection
	GlobalSection(ProjectConfigurationPlatforms) = postSolution
		{36ADB200-3D19-4653-93C4-A8DB08B51127}.Debug|Any CPU.ActiveCfg = Debug|Any CPU
		{36ADB200-3D19-4653-93C4-A8DB08B51127}.Debug|Any CPU.Build.0 = Debug|Any CPU
		{36ADB200-3D19-4653-93C4-A8DB08B51127}.Release|Any CPU.ActiveCfg = Release|Any CPU
		{36ADB200-3D19-4653-93C4-A8DB08B51127}.Release|Any CPU.Build.0 = Release|Any CPU
	EndGlobalSection
	GlobalSection(SolutionProperties) = preSolution
		HideSolutionNode = FALSE
	EndGlobalSection
	GlobalSection(ExtensibilityGlobals) = postSolution
		SolutionGuid = {E11B58AF-6E82-451F-97E2-D1684F25606A}
	EndGlobalSection
EndGlobal
